
Microsoft Visual Studio Solution File, Format Version 12.00
# Visual Studio Version 16
VisualStudioVersion = 16.0.31729.503
MinimumVisualStudioVersion = 10.0.40219.1
Project("{FAE04EC0-301F-11D3-BF4B-00C04F79EFBC}") = "PatikaDev.NetCore.BookStore", "PatikaDev.NetCore.BookStore\PatikaDev.NetCore.BookStore.csproj", "{57D27A7D-970F-4130-99C9-30A7EC52656A}"
EndProject
Global
	GlobalSection(SolutionConfigurationPlatforms) = preSolution
		Debug|Any CPU = Debug|Any CPU
		Release|Any CPU = Release|Any CPU
	EndGlobalSection
	GlobalSection(ProjectConfigurationPlatforms) = postSolution
		{57D27A7D-970F-4130-99C9-30A7EC52656A}.Debug|Any CPU.ActiveCfg = Debug|Any CPU
		{57D27A7D-970F-4130-99C9-30A7EC52656A}.Debug|Any CPU.Build.0 = Debug|Any CPU
		{57D27A7D-970F-4130-99C9-30A7EC52656A}.Release|Any CPU.ActiveCfg = Release|Any CPU
		{57D27A7D-970F-4130-99C9-30A7EC52656A}.Release|Any CPU.Build.0 = Release|Any CPU
	EndGlobalSection
	GlobalSection(SolutionProperties) = preSolution
		HideSolutionNode = FALSE
	EndGlobalSection
	GlobalSection(ExtensibilityGlobals) = postSolution
		SolutionGuid = {6D28361B-83F0-4A29-A890-14B58170C6F1}
	EndGlobalSection
EndGlobal
